// !$*UTF8*$!
{
	archiveVersion = 1;
	classes = {
	};
	objectVersion = 55;
	objects = {

/* Begin PBXBuildFile section */
		358191CB2746C69400907112 /* AppDelegate.swift in Sources */ = {isa = PBXBuildFile; fileRef = 358191CA2746C69400907112 /* AppDelegate.swift */; };
		358191CD2746C69400907112 /* SceneDelegate.swift in Sources */ = {isa = PBXBuildFile; fileRef = 358191CC2746C69400907112 /* SceneDelegate.swift */; };
		358191CF2746C69400907112 /* ViewController.swift in Sources */ = {isa = PBXBuildFile; fileRef = 358191CE2746C69400907112 /* ViewController.swift */; };
		358191D22746C69400907112 /* Main.storyboard in Resources */ = {isa = PBXBuildFile; fileRef = 358191D02746C69400907112 /* Main.storyboard */; };
		358191D42746C69600907112 /* Assets.xcassets in Resources */ = {isa = PBXBuildFile; fileRef = 358191D32746C69600907112 /* Assets.xcassets */; };
		358191D72746C69600907112 /* LaunchScreen.storyboard in Resources */ = {isa = PBXBuildFile; fileRef = 358191D52746C69600907112 /* LaunchScreen.storyboard */; };
		358191E22746C69600907112 /* MTMockTests.swift in Sources */ = {isa = PBXBuildFile; fileRef = 358191E12746C69600907112 /* MTMockTests.swift */; };
		358191EC2746C69600907112 /* MTMockUITests.swift in Sources */ = {isa = PBXBuildFile; fileRef = 358191EB2746C69600907112 /* MTMockUITests.swift */; };
		358191EE2746C69600907112 /* MTMockUITestsLaunchTests.swift in Sources */ = {isa = PBXBuildFile; fileRef = 358191ED2746C69600907112 /* MTMockUITestsLaunchTests.swift */; };
		358192012746C73100907112 /* OrderTableViewCell.swift in Sources */ = {isa = PBXBuildFile; fileRef = 358191FF2746C73100907112 /* OrderTableViewCell.swift */; };
		358192022746C73200907112 /* OrderTableViewCell.xib in Resources */ = {isa = PBXBuildFile; fileRef = 358192002746C73100907112 /* OrderTableViewCell.xib */; };
		358192052746CAF100907112 /* Order.swift in Sources */ = {isa = PBXBuildFile; fileRef = 358192042746CAF100907112 /* Order.swift */; };
		358192082746E91C00907112 /* OrderManager.swift in Sources */ = {isa = PBXBuildFile; fileRef = 358192072746E91C00907112 /* OrderManager.swift */; };
		358192102747312B00907112 /* WidgetKit.framework in Frameworks */ = {isa = PBXBuildFile; fileRef = 3581920F2747312B00907112 /* WidgetKit.framework */; };
		358192122747312B00907112 /* SwiftUI.framework in Frameworks */ = {isa = PBXBuildFile; fileRef = 358192112747312B00907112 /* SwiftUI.framework */; };
		358192152747312B00907112 /* MTMockWidget.swift in Sources */ = {isa = PBXBuildFile; fileRef = 358192142747312B00907112 /* MTMockWidget.swift */; };
		358192172747312F00907112 /* Assets.xcassets in Resources */ = {isa = PBXBuildFile; fileRef = 358192162747312F00907112 /* Assets.xcassets */; };
		3581921B2747312F00907112 /* MTMockWidgetExtension.appex in Embed App Extensions */ = {isa = PBXBuildFile; fileRef = 3581920D2747312B00907112 /* MTMockWidgetExtension.appex */; settings = {ATTRIBUTES = (RemoveHeadersOnCopy, ); }; };
		358192222747326000907112 /* Order.swift in Sources */ = {isa = PBXBuildFile; fileRef = 358192042746CAF100907112 /* Order.swift */; };
		358192232747326300907112 /* OrderManager.swift in Sources */ = {isa = PBXBuildFile; fileRef = 358192072746E91C00907112 /* OrderManager.swift */; };
		358192262747365A00907112 /* SmallView.swift in Sources */ = {isa = PBXBuildFile; fileRef = 358192252747365A00907112 /* SmallView.swift */; };
		3581922A2747453400907112 /* MediumView.swift in Sources */ = {isa = PBXBuildFile; fileRef = 358192292747453400907112 /* MediumView.swift */; };
		3581922C2747472C00907112 /* Provider.swift in Sources */ = {isa = PBXBuildFile; fileRef = 3581922B2747472C00907112 /* Provider.swift */; };
		3581922D2747475500907112 /* OrderEntry.swift in Sources */ = {isa = PBXBuildFile; fileRef = 358192202747325000907112 /* OrderEntry.swift */; };
		3581922F27474E5200907112 /* LargeView.swift in Sources */ = {isa = PBXBuildFile; fileRef = 3581922E27474E5200907112 /* LargeView.swift */; };
/* End PBXBuildFile section */

/* Begin PBXContainerItemProxy section */
		358191DE2746C69600907112 /* PBXContainerItemProxy */ = {
			isa = PBXContainerItemProxy;
			containerPortal = 358191BF2746C69400907112 /* Project object */;
			proxyType = 1;
			remoteGlobalIDString = 358191C62746C69400907112;
			remoteInfo = MTMock;
		};
		358191E82746C69600907112 /* PBXContainerItemProxy */ = {
			isa = PBXContainerItemProxy;
			containerPortal = 358191BF2746C69400907112 /* Project object */;
			proxyType = 1;
			remoteGlobalIDString = 358191C62746C69400907112;
			remoteInfo = MTMock;
		};
		358192192747312F00907112 /* PBXContainerItemProxy */ = {
			isa = PBXContainerItemProxy;
			containerPortal = 358191BF2746C69400907112 /* Project object */;
			proxyType = 1;
			remoteGlobalIDString = 3581920C2747312B00907112;
			remoteInfo = MTMockWidgetExtension;
		};
/* End PBXContainerItemProxy section */

/* Begin PBXCopyFilesBuildPhase section */
		3581921F2747312F00907112 /* Embed App Extensions */ = {
			isa = PBXCopyFilesBuildPhase;
			buildActionMask = 2147483647;
			dstPath = "";
			dstSubfolderSpec = 13;
			files = (
				3581921B2747312F00907112 /* MTMockWidgetExtension.appex in Embed App Extensions */,
			);
			name = "Embed App Extensions";
			runOnlyForDeploymentPostprocessing = 0;
		};
/* End PBXCopyFilesBuildPhase section */

/* Begin PBXFileReference section */
		358191C72746C69400907112 /* MTMock.app */ = {isa = PBXFileReference; explicitFileType = wrapper.application; includeInIndex = 0; path = MTMock.app; sourceTree = BUILT_PRODUCTS_DIR; };
		358191CA2746C69400907112 /* AppDelegate.swift */ = {isa = PBXFileReference; lastKnownFileType = sourcecode.swift; path = AppDelegate.swift; sourceTree = "<group>"; };
		358191CC2746C69400907112 /* SceneDelegate.swift */ = {isa = PBXFileReference; lastKnownFileType = sourcecode.swift; path = SceneDelegate.swift; sourceTree = "<group>"; };
		358191CE2746C69400907112 /* ViewController.swift */ = {isa = PBXFileReference; lastKnownFileType = sourcecode.swift; path = ViewController.swift; sourceTree = "<group>"; };
		358191D12746C69400907112 /* Base */ = {isa = PBXFileReference; lastKnownFileType = file.storyboard; name = Base; path = Base.lproj/Main.storyboard; sourceTree = "<group>"; };
		358191D32746C69600907112 /* Assets.xcassets */ = {isa = PBXFileReference; lastKnownFileType = folder.assetcatalog; path = Assets.xcassets; sourceTree = "<group>"; };
		358191D62746C69600907112 /* Base */ = {isa = PBXFileReference; lastKnownFileType = file.storyboard; name = Base; path = Base.lproj/LaunchScreen.storyboard; sourceTree = "<group>"; };
		358191D82746C69600907112 /* Info.plist */ = {isa = PBXFileReference; lastKnownFileType = text.plist.xml; path = Info.plist; sourceTree = "<group>"; };
		358191DD2746C69600907112 /* MTMockTests.xctest */ = {isa = PBXFileReference; explicitFileType = wrapper.cfbundle; includeInIndex = 0; path = MTMockTests.xctest; sourceTree = BUILT_PRODUCTS_DIR; };
		358191E12746C69600907112 /* MTMockTests.swift */ = {isa = PBXFileReference; lastKnownFileType = sourcecode.swift; path = MTMockTests.swift; sourceTree = "<group>"; };
		358191E72746C69600907112 /* MTMockUITests.xctest */ = {isa = PBXFileReference; explicitFileType = wrapper.cfbundle; includeInIndex = 0; path = MTMockUITests.xctest; sourceTree = BUILT_PRODUCTS_DIR; };
		358191EB2746C69600907112 /* MTMockUITests.swift */ = {isa = PBXFileReference; lastKnownFileType = sourcecode.swift; path = MTMockUITests.swift; sourceTree = "<group>"; };
		358191ED2746C69600907112 /* MTMockUITestsLaunchTests.swift */ = {isa = PBXFileReference; lastKnownFileType = sourcecode.swift; path = MTMockUITestsLaunchTests.swift; sourceTree = "<group>"; };
		358191FF2746C73100907112 /* OrderTableViewCell.swift */ = {isa = PBXFileReference; lastKnownFileType = sourcecode.swift; path = OrderTableViewCell.swift; sourceTree = "<group>"; };
		358192002746C73100907112 /* OrderTableViewCell.xib */ = {isa = PBXFileReference; lastKnownFileType = file.xib; path = OrderTableViewCell.xib; sourceTree = "<group>"; };
		358192042746CAF100907112 /* Order.swift */ = {isa = PBXFileReference; lastKnownFileType = sourcecode.swift; path = Order.swift; sourceTree = "<group>"; };
		358192072746E91C00907112 /* OrderManager.swift */ = {isa = PBXFileReference; lastKnownFileType = sourcecode.swift; path = OrderManager.swift; sourceTree = "<group>"; };
		3581920D2747312B00907112 /* MTMockWidgetExtension.appex */ = {isa = PBXFileReference; explicitFileType = "wrapper.app-extension"; includeInIndex = 0; path = MTMockWidgetExtension.appex; sourceTree = BUILT_PRODUCTS_DIR; };
		3581920F2747312B00907112 /* WidgetKit.framework */ = {isa = PBXFileReference; lastKnownFileType = wrapper.framework; name = WidgetKit.framework; path = System/Library/Frameworks/WidgetKit.framework; sourceTree = SDKROOT; };
		358192112747312B00907112 /* SwiftUI.framework */ = {isa = PBXFileReference; lastKnownFileType = wrapper.framework; name = SwiftUI.framework; path = System/Library/Frameworks/SwiftUI.framework; sourceTree = SDKROOT; };
		358192142747312B00907112 /* MTMockWidget.swift */ = {isa = PBXFileReference; lastKnownFileType = sourcecode.swift; path = MTMockWidget.swift; sourceTree = "<group>"; };
		358192162747312F00907112 /* Assets.xcassets */ = {isa = PBXFileReference; lastKnownFileType = folder.assetcatalog; path = Assets.xcassets; sourceTree = "<group>"; };
		358192182747312F00907112 /* Info.plist */ = {isa = PBXFileReference; lastKnownFileType = text.plist.xml; path = Info.plist; sourceTree = "<group>"; };
		358192202747325000907112 /* OrderEntry.swift */ = {isa = PBXFileReference; lastKnownFileType = sourcecode.swift; path = OrderEntry.swift; sourceTree = "<group>"; };
		358192252747365A00907112 /* SmallView.swift */ = {isa = PBXFileReference; lastKnownFileType = sourcecode.swift; path = SmallView.swift; sourceTree = "<group>"; };
		358192292747453400907112 /* MediumView.swift */ = {isa = PBXFileReference; lastKnownFileType = sourcecode.swift; path = MediumView.swift; sourceTree = "<group>"; };
		3581922B2747472C00907112 /* Provider.swift */ = {isa = PBXFileReference; lastKnownFileType = sourcecode.swift; path = Provider.swift; sourceTree = "<group>"; };
		3581922E27474E5200907112 /* LargeView.swift */ = {isa = PBXFileReference; lastKnownFileType = sourcecode.swift; path = LargeView.swift; sourceTree = "<group>"; };
/* End PBXFileReference section */

/* Begin PBXFrameworksBuildPhase section */
		358191C42746C69400907112 /* Frameworks */ = {
			isa = PBXFrameworksBuildPhase;
			buildActionMask = 2147483647;
			files = (
			);
			runOnlyForDeploymentPostprocessing = 0;
		};
		358191DA2746C69600907112 /* Frameworks */ = {
			isa = PBXFrameworksBuildPhase;
			buildActionMask = 2147483647;
			files = (
			);
			runOnlyForDeploymentPostprocessing = 0;
		};
		358191E42746C69600907112 /* Frameworks */ = {
			isa = PBXFrameworksBuildPhase;
			buildActionMask = 2147483647;
			files = (
			);
			runOnlyForDeploymentPostprocessing = 0;
		};
		3581920A2747312B00907112 /* Frameworks */ = {
			isa = PBXFrameworksBuildPhase;
			buildActionMask = 2147483647;
			files = (
				358192122747312B00907112 /* SwiftUI.framework in Frameworks */,
				358192102747312B00907112 /* WidgetKit.framework in Frameworks */,
			);
			runOnlyForDeploymentPostprocessing = 0;
		};
/* End PBXFrameworksBuildPhase section */

/* Begin PBXGroup section */
		358191BE2746C69400907112 = {
			isa = PBXGroup;
			children = (
				358191C92746C69400907112 /* MTMock */,
				358191E02746C69600907112 /* MTMockTests */,
				358191EA2746C69600907112 /* MTMockUITests */,
				358192132747312B00907112 /* MTMockWidget */,
				3581920E2747312B00907112 /* Frameworks */,
				358191C82746C69400907112 /* Products */,
			);
			sourceTree = "<group>";
		};
		358191C82746C69400907112 /* Products */ = {
			isa = PBXGroup;
			children = (
				358191C72746C69400907112 /* MTMock.app */,
				358191DD2746C69600907112 /* MTMockTests.xctest */,
				358191E72746C69600907112 /* MTMockUITests.xctest */,
				3581920D2747312B00907112 /* MTMockWidgetExtension.appex */,
			);
			name = Products;
			sourceTree = "<group>";
		};
		358191C92746C69400907112 /* MTMock */ = {
			isa = PBXGroup;
			children = (
				358192062746E90F00907112 /* Managers */,
				358192032746CADE00907112 /* Models */,
				358191FA2746C6AA00907112 /* UI */,
				358191CA2746C69400907112 /* AppDelegate.swift */,
				358191CC2746C69400907112 /* SceneDelegate.swift */,
				358191CE2746C69400907112 /* ViewController.swift */,
				358191D02746C69400907112 /* Main.storyboard */,
				358191D32746C69600907112 /* Assets.xcassets */,
				358191D52746C69600907112 /* LaunchScreen.storyboard */,
				358191D82746C69600907112 /* Info.plist */,
			);
			path = MTMock;
			sourceTree = "<group>";
		};
		358191E02746C69600907112 /* MTMockTests */ = {
			isa = PBXGroup;
			children = (
				358191E12746C69600907112 /* MTMockTests.swift */,
			);
			path = MTMockTests;
			sourceTree = "<group>";
		};
		358191EA2746C69600907112 /* MTMockUITests */ = {
			isa = PBXGroup;
			children = (
				358191EB2746C69600907112 /* MTMockUITests.swift */,
				358191ED2746C69600907112 /* MTMockUITestsLaunchTests.swift */,
			);
			path = MTMockUITests;
			sourceTree = "<group>";
		};
		358191FA2746C6AA00907112 /* UI */ = {
			isa = PBXGroup;
			children = (
				358191FF2746C73100907112 /* OrderTableViewCell.swift */,
				358192002746C73100907112 /* OrderTableViewCell.xib */,
			);
			path = UI;
			sourceTree = "<group>";
		};
		358192032746CADE00907112 /* Models */ = {
			isa = PBXGroup;
			children = (
				358192042746CAF100907112 /* Order.swift */,
			);
			path = Models;
			sourceTree = "<group>";
		};
		358192062746E90F00907112 /* Managers */ = {
			isa = PBXGroup;
			children = (
				358192072746E91C00907112 /* OrderManager.swift */,
			);
			path = Managers;
			sourceTree = "<group>";
		};
		3581920E2747312B00907112 /* Frameworks */ = {
			isa = PBXGroup;
			children = (
				3581920F2747312B00907112 /* WidgetKit.framework */,
				358192112747312B00907112 /* SwiftUI.framework */,
			);
			name = Frameworks;
			sourceTree = "<group>";
		};
		358192132747312B00907112 /* MTMockWidget */ = {
			isa = PBXGroup;
			children = (
				358192242747360100907112 /* WidgetInterface */,
				358192142747312B00907112 /* MTMockWidget.swift */,
				358192162747312F00907112 /* Assets.xcassets */,
				358192182747312F00907112 /* Info.plist */,
				358192202747325000907112 /* OrderEntry.swift */,
				3581922B2747472C00907112 /* Provider.swift */,
			);
			path = MTMockWidget;
			sourceTree = "<group>";
		};
		358192242747360100907112 /* WidgetInterface */ = {
			isa = PBXGroup;
			children = (
				358192252747365A00907112 /* SmallView.swift */,
				358192292747453400907112 /* MediumView.swift */,
				3581922E27474E5200907112 /* LargeView.swift */,
			);
			path = WidgetInterface;
			sourceTree = "<group>";
		};
/* End PBXGroup section */

/* Begin PBXNativeTarget section */
		358191C62746C69400907112 /* MTMock */ = {
			isa = PBXNativeTarget;
			buildConfigurationList = 358191F12746C69600907112 /* Build configuration list for PBXNativeTarget "MTMock" */;
			buildPhases = (
				358191C32746C69400907112 /* Sources */,
				358191C42746C69400907112 /* Frameworks */,
				358191C52746C69400907112 /* Resources */,
				3581921F2747312F00907112 /* Embed App Extensions */,
			);
			buildRules = (
			);
			dependencies = (
				3581921A2747312F00907112 /* PBXTargetDependency */,
			);
			name = MTMock;
			productName = MTMock;
			productReference = 358191C72746C69400907112 /* MTMock.app */;
			productType = "com.apple.product-type.application";
		};
		358191DC2746C69600907112 /* MTMockTests */ = {
			isa = PBXNativeTarget;
			buildConfigurationList = 358191F42746C69600907112 /* Build configuration list for PBXNativeTarget "MTMockTests" */;
			buildPhases = (
				358191D92746C69600907112 /* Sources */,
				358191DA2746C69600907112 /* Frameworks */,
				358191DB2746C69600907112 /* Resources */,
			);
			buildRules = (
			);
			dependencies = (
				358191DF2746C69600907112 /* PBXTargetDependency */,
			);
			name = MTMockTests;
			productName = MTMockTests;
			productReference = 358191DD2746C69600907112 /* MTMockTests.xctest */;
			productType = "com.apple.product-type.bundle.unit-test";
		};
		358191E62746C69600907112 /* MTMockUITests */ = {
			isa = PBXNativeTarget;
			buildConfigurationList = 358191F72746C69600907112 /* Build configuration list for PBXNativeTarget "MTMockUITests" */;
			buildPhases = (
				358191E32746C69600907112 /* Sources */,
				358191E42746C69600907112 /* Frameworks */,
				358191E52746C69600907112 /* Resources */,
			);
			buildRules = (
			);
			dependencies = (
				358191E92746C69600907112 /* PBXTargetDependency */,
			);
			name = MTMockUITests;
			productName = MTMockUITests;
			productReference = 358191E72746C69600907112 /* MTMockUITests.xctest */;
			productType = "com.apple.product-type.bundle.ui-testing";
		};
		3581920C2747312B00907112 /* MTMockWidgetExtension */ = {
			isa = PBXNativeTarget;
			buildConfigurationList = 3581921C2747312F00907112 /* Build configuration list for PBXNativeTarget "MTMockWidgetExtension" */;
			buildPhases = (
				358192092747312B00907112 /* Sources */,
				3581920A2747312B00907112 /* Frameworks */,
				3581920B2747312B00907112 /* Resources */,
			);
			buildRules = (
			);
			dependencies = (
			);
			name = MTMockWidgetExtension;
			productName = MTMockWidgetExtension;
			productReference = 3581920D2747312B00907112 /* MTMockWidgetExtension.appex */;
			productType = "com.apple.product-type.app-extension";
		};
/* End PBXNativeTarget section */

/* Begin PBXProject section */
		358191BF2746C69400907112 /* Project object */ = {
			isa = PBXProject;
			attributes = {
				BuildIndependentTargetsInParallel = 1;
				LastSwiftUpdateCheck = 1300;
				LastUpgradeCheck = 1300;
				TargetAttributes = {
					358191C62746C69400907112 = {
						CreatedOnToolsVersion = 13.0;
					};
					358191DC2746C69600907112 = {
						CreatedOnToolsVersion = 13.0;
						TestTargetID = 358191C62746C69400907112;
					};
					358191E62746C69600907112 = {
						CreatedOnToolsVersion = 13.0;
						TestTargetID = 358191C62746C69400907112;
					};
					3581920C2747312B00907112 = {
						CreatedOnToolsVersion = 13.0;
					};
				};
			};
			buildConfigurationList = 358191C22746C69400907112 /* Build configuration list for PBXProject "MTMock" */;
			compatibilityVersion = "Xcode 13.0";
			developmentRegion = en;
			hasScannedForEncodings = 0;
			knownRegions = (
				en,
				Base,
			);
			mainGroup = 358191BE2746C69400907112;
			productRefGroup = 358191C82746C69400907112 /* Products */;
			projectDirPath = "";
			projectRoot = "";
			targets = (
				358191C62746C69400907112 /* MTMock */,
				358191DC2746C69600907112 /* MTMockTests */,
				358191E62746C69600907112 /* MTMockUITests */,
				3581920C2747312B00907112 /* MTMockWidgetExtension */,
			);
		};
/* End PBXProject section */

/* Begin PBXResourcesBuildPhase section */
		358191C52746C69400907112 /* Resources */ = {
			isa = PBXResourcesBuildPhase;
			buildActionMask = 2147483647;
			files = (
				358191D72746C69600907112 /* LaunchScreen.storyboard in Resources */,
				358192022746C73200907112 /* OrderTableViewCell.xib in Resources */,
				358191D42746C69600907112 /* Assets.xcassets in Resources */,
				358191D22746C69400907112 /* Main.storyboard in Resources */,
			);
			runOnlyForDeploymentPostprocessing = 0;
		};
		358191DB2746C69600907112 /* Resources */ = {
			isa = PBXResourcesBuildPhase;
			buildActionMask = 2147483647;
			files = (
			);
			runOnlyForDeploymentPostprocessing = 0;
		};
		358191E52746C69600907112 /* Resources */ = {
			isa = PBXResourcesBuildPhase;
			buildActionMask = 2147483647;
			files = (
			);
			runOnlyForDeploymentPostprocessing = 0;
		};
		3581920B2747312B00907112 /* Resources */ = {
			isa = PBXResourcesBuildPhase;
			buildActionMask = 2147483647;
			files = (
				358192172747312F00907112 /* Assets.xcassets in Resources */,
			);
			runOnlyForDeploymentPostprocessing = 0;
		};
/* End PBXResourcesBuildPhase section */

/* Begin PBXSourcesBuildPhase section */
		358191C32746C69400907112 /* Sources */ = {
			isa = PBXSourcesBuildPhase;
			buildActionMask = 2147483647;
			files = (
				358192082746E91C00907112 /* OrderManager.swift in Sources */,
				358191CF2746C69400907112 /* ViewController.swift in Sources */,
				358192012746C73100907112 /* OrderTableViewCell.swift in Sources */,
				358192052746CAF100907112 /* Order.swift in Sources */,
				358191CB2746C69400907112 /* AppDelegate.swift in Sources */,
				358191CD2746C69400907112 /* SceneDelegate.swift in Sources */,
			);
			runOnlyForDeploymentPostprocessing = 0;
		};
		358191D92746C69600907112 /* Sources */ = {
			isa = PBXSourcesBuildPhase;
			buildActionMask = 2147483647;
			files = (
				358191E22746C69600907112 /* MTMockTests.swift in Sources */,
			);
			runOnlyForDeploymentPostprocessing = 0;
		};
		358191E32746C69600907112 /* Sources */ = {
			isa = PBXSourcesBuildPhase;
			buildActionMask = 2147483647;
			files = (
				358191EC2746C69600907112 /* MTMockUITests.swift in Sources */,
				358191EE2746C69600907112 /* MTMockUITestsLaunchTests.swift in Sources */,
			);
			runOnlyForDeploymentPostprocessing = 0;
		};
		358192092747312B00907112 /* Sources */ = {
			isa = PBXSourcesBuildPhase;
			buildActionMask = 2147483647;
			files = (
				3581922F27474E5200907112 /* LargeView.swift in Sources */,
				3581922A2747453400907112 /* MediumView.swift in Sources */,
				358192232747326300907112 /* OrderManager.swift in Sources */,
				358192222747326000907112 /* Order.swift in Sources */,
				358192262747365A00907112 /* SmallView.swift in Sources */,
				3581922C2747472C00907112 /* Provider.swift in Sources */,
				358192152747312B00907112 /* MTMockWidget.swift in Sources */,
				3581922D2747475500907112 /* OrderEntry.swift in Sources */,
			);
			runOnlyForDeploymentPostprocessing = 0;
		};
/* End PBXSourcesBuildPhase section */

/* Begin PBXTargetDependency section */
		358191DF2746C69600907112 /* PBXTargetDependency */ = {
			isa = PBXTargetDependency;
			target = 358191C62746C69400907112 /* MTMock */;
			targetProxy = 358191DE2746C69600907112 /* PBXContainerItemProxy */;
		};
		358191E92746C69600907112 /* PBXTargetDependency */ = {
			isa = PBXTargetDependency;
			target = 358191C62746C69400907112 /* MTMock */;
			targetProxy = 358191E82746C69600907112 /* PBXContainerItemProxy */;
		};
		3581921A2747312F00907112 /* PBXTargetDependency */ = {
			isa = PBXTargetDependency;
			target = 3581920C2747312B00907112 /* MTMockWidgetExtension */;
			targetProxy = 358192192747312F00907112 /* PBXContainerItemProxy */;
		};
/* End PBXTargetDependency section */

/* Begin PBXVariantGroup section */
		358191D02746C69400907112 /* Main.storyboard */ = {
			isa = PBXVariantGroup;
			children = (
				358191D12746C69400907112 /* Base */,
			);
			name = Main.storyboard;
			sourceTree = "<group>";
		};
		358191D52746C69600907112 /* LaunchScreen.storyboard */ = {
			isa = PBXVariantGroup;
			children = (
				358191D62746C69600907112 /* Base */,
			);
			name = LaunchScreen.storyboard;
			sourceTree = "<group>";
		};
/* End PBXVariantGroup section */

/* Begin XCBuildConfiguration section */
		358191EF2746C69600907112 /* Debug */ = {
			isa = XCBuildConfiguration;
			buildSettings = {
				ALWAYS_SEARCH_USER_PATHS = NO;
				CLANG_ANALYZER_NONNULL = YES;
				CLANG_ANALYZER_NUMBER_OBJECT_CONVERSION = YES_AGGRESSIVE;
				CLANG_CXX_LANGUAGE_STANDARD = "gnu++17";
				CLANG_CXX_LIBRARY = "libc++";
				CLANG_ENABLE_MODULES = YES;
				CLANG_ENABLE_OBJC_ARC = YES;
				CLANG_ENABLE_OBJC_WEAK = YES;
				CLANG_WARN_BLOCK_CAPTURE_AUTORELEASING = YES;
				CLANG_WARN_BOOL_CONVERSION = YES;
				CLANG_WARN_COMMA = YES;
				CLANG_WARN_CONSTANT_CONVERSION = YES;
				CLANG_WARN_DEPRECATED_OBJC_IMPLEMENTATIONS = YES;
				CLANG_WARN_DIRECT_OBJC_ISA_USAGE = YES_ERROR;
				CLANG_WARN_DOCUMENTATION_COMMENTS = YES;
				CLANG_WARN_EMPTY_BODY = YES;
				CLANG_WARN_ENUM_CONVERSION = YES;
				CLANG_WARN_INFINITE_RECURSION = YES;
				CLANG_WARN_INT_CONVERSION = YES;
				CLANG_WARN_NON_LITERAL_NULL_CONVERSION = YES;
				CLANG_WARN_OBJC_IMPLICIT_RETAIN_SELF = YES;
				CLANG_WARN_OBJC_LITERAL_CONVERSION = YES;
				CLANG_WARN_OBJC_ROOT_CLASS = YES_ERROR;
				CLANG_WARN_QUOTED_INCLUDE_IN_FRAMEWORK_HEADER = YES;
				CLANG_WARN_RANGE_LOOP_ANALYSIS = YES;
				CLANG_WARN_STRICT_PROTOTYPES = YES;
				CLANG_WARN_SUSPICIOUS_MOVE = YES;
				CLANG_WARN_UNGUARDED_AVAILABILITY = YES_AGGRESSIVE;
				CLANG_WARN_UNREACHABLE_CODE = YES;
				CLANG_WARN__DUPLICATE_METHOD_MATCH = YES;
				COPY_PHASE_STRIP = NO;
				DEBUG_INFORMATION_FORMAT = dwarf;
				ENABLE_STRICT_OBJC_MSGSEND = YES;
				ENABLE_TESTABILITY = YES;
				GCC_C_LANGUAGE_STANDARD = gnu11;
				GCC_DYNAMIC_NO_PIC = NO;
				GCC_NO_COMMON_BLOCKS = YES;
				GCC_OPTIMIZATION_LEVEL = 0;
				GCC_PREPROCESSOR_DEFINITIONS = (
					"DEBUG=1",
					"$(inherited)",
				);
				GCC_WARN_64_TO_32_BIT_CONVERSION = YES;
				GCC_WARN_ABOUT_RETURN_TYPE = YES_ERROR;
				GCC_WARN_UNDECLARED_SELECTOR = YES;
				GCC_WARN_UNINITIALIZED_AUTOS = YES_AGGRESSIVE;
				GCC_WARN_UNUSED_FUNCTION = YES;
				GCC_WARN_UNUSED_VARIABLE = YES;
				IPHONEOS_DEPLOYMENT_TARGET = 15.0;
				MTL_ENABLE_DEBUG_INFO = INCLUDE_SOURCE;
				MTL_FAST_MATH = YES;
				ONLY_ACTIVE_ARCH = YES;
				SDKROOT = iphoneos;
				SWIFT_ACTIVE_COMPILATION_CONDITIONS = DEBUG;
				SWIFT_OPTIMIZATION_LEVEL = "-Onone";
			};
			name = Debug;
		};
		358191F02746C69600907112 /* Release */ = {
			isa = XCBuildConfiguration;
			buildSettings = {
				ALWAYS_SEARCH_USER_PATHS = NO;
				CLANG_ANALYZER_NONNULL = YES;
				CLANG_ANALYZER_NUMBER_OBJECT_CONVERSION = YES_AGGRESSIVE;
				CLANG_CXX_LANGUAGE_STANDARD = "gnu++17";
				CLANG_CXX_LIBRARY = "libc++";
				CLANG_ENABLE_MODULES = YES;
				CLANG_ENABLE_OBJC_ARC = YES;
				CLANG_ENABLE_OBJC_WEAK = YES;
				CLANG_WARN_BLOCK_CAPTURE_AUTORELEASING = YES;
				CLANG_WARN_BOOL_CONVERSION = YES;
				CLANG_WARN_COMMA = YES;
				CLANG_WARN_CONSTANT_CONVERSION = YES;
				CLANG_WARN_DEPRECATED_OBJC_IMPLEMENTATIONS = YES;
				CLANG_WARN_DIRECT_OBJC_ISA_USAGE = YES_ERROR;
				CLANG_WARN_DOCUMENTATION_COMMENTS = YES;
				CLANG_WARN_EMPTY_BODY = YES;
				CLANG_WARN_ENUM_CONVERSION = YES;
				CLANG_WARN_INFINITE_RECURSION = YES;
				CLANG_WARN_INT_CONVERSION = YES;
				CLANG_WARN_NON_LITERAL_NULL_CONVERSION = YES;
				CLANG_WARN_OBJC_IMPLICIT_RETAIN_SELF = YES;
				CLANG_WARN_OBJC_LITERAL_CONVERSION = YES;
				CLANG_WARN_OBJC_ROOT_CLASS = YES_ERROR;
				CLANG_WARN_QUOTED_INCLUDE_IN_FRAMEWORK_HEADER = YES;
				CLANG_WARN_RANGE_LOOP_ANALYSIS = YES;
				CLANG_WARN_STRICT_PROTOTYPES = YES;
				CLANG_WARN_SUSPICIOUS_MOVE = YES;
				CLANG_WARN_UNGUARDED_AVAILABILITY = YES_AGGRESSIVE;
				CLANG_WARN_UNREACHABLE_CODE = YES;
				CLANG_WARN__DUPLICATE_METHOD_MATCH = YES;
				COPY_PHASE_STRIP = NO;
				DEBUG_INFORMATION_FORMAT = "dwarf-with-dsym";
				ENABLE_NS_ASSERTIONS = NO;
				ENABLE_STRICT_OBJC_MSGSEND = YES;
				GCC_C_LANGUAGE_STANDARD = gnu11;
				GCC_NO_COMMON_BLOCKS = YES;
				GCC_WARN_64_TO_32_BIT_CONVERSION = YES;
				GCC_WARN_ABOUT_RETURN_TYPE = YES_ERROR;
				GCC_WARN_UNDECLARED_SELECTOR = YES;
				GCC_WARN_UNINITIALIZED_AUTOS = YES_AGGRESSIVE;
				GCC_WARN_UNUSED_FUNCTION = YES;
				GCC_WARN_UNUSED_VARIABLE = YES;
				IPHONEOS_DEPLOYMENT_TARGET = 15.0;
				MTL_ENABLE_DEBUG_INFO = NO;
				MTL_FAST_MATH = YES;
				SDKROOT = iphoneos;
				SWIFT_COMPILATION_MODE = wholemodule;
				SWIFT_OPTIMIZATION_LEVEL = "-O";
				VALIDATE_PRODUCT = YES;
			};
			name = Release;
		};
		358191F22746C69600907112 /* Debug */ = {
			isa = XCBuildConfiguration;
			buildSettings = {
				ALWAYS_EMBED_SWIFT_STANDARD_LIBRARIES = YES;
				ASSETCATALOG_COMPILER_APPICON_NAME = AppIcon;
				ASSETCATALOG_COMPILER_GLOBAL_ACCENT_COLOR_NAME = AccentColor;
				CODE_SIGN_STYLE = Automatic;
				CURRENT_PROJECT_VERSION = 1;
				GENERATE_INFOPLIST_FILE = YES;
				INFOPLIST_FILE = MTMock/Info.plist;
				INFOPLIST_KEY_UIApplicationSupportsIndirectInputEvents = YES;
				INFOPLIST_KEY_UILaunchStoryboardName = LaunchScreen;
				INFOPLIST_KEY_UIMainStoryboardFile = Main;
				INFOPLIST_KEY_UISupportedInterfaceOrientations_iPad = "UIInterfaceOrientationPortrait UIInterfaceOrientationPortraitUpsideDown UIInterfaceOrientationLandscapeLeft UIInterfaceOrientationLandscapeRight";
				INFOPLIST_KEY_UISupportedInterfaceOrientations_iPhone = "UIInterfaceOrientationPortrait UIInterfaceOrientationLandscapeLeft UIInterfaceOrientationLandscapeRight";
				LD_RUNPATH_SEARCH_PATHS = (
					"$(inherited)",
					"@executable_path/Frameworks",
				);
				MARKETING_VERSION = 1.0;
				PRODUCT_BUNDLE_IDENTIFIER = santiago.MTMock;
				PRODUCT_NAME = "$(TARGET_NAME)";
				SWIFT_EMIT_LOC_STRINGS = YES;
				SWIFT_VERSION = 5.0;
				TARGETED_DEVICE_FAMILY = "1,2";
			};
			name = Debug;
		};
		358191F32746C69600907112 /* Release */ = {
			isa = XCBuildConfiguration;
			buildSettings = {
				ALWAYS_EMBED_SWIFT_STANDARD_LIBRARIES = YES;
				ASSETCATALOG_COMPILER_APPICON_NAME = AppIcon;
				ASSETCATALOG_COMPILER_GLOBAL_ACCENT_COLOR_NAME = AccentColor;
				CODE_SIGN_STYLE = Automatic;
				CURRENT_PROJECT_VERSION = 1;
				GENERATE_INFOPLIST_FILE = YES;
				INFOPLIST_FILE = MTMock/Info.plist;
				INFOPLIST_KEY_UIApplicationSupportsIndirectInputEvents = YES;
				INFOPLIST_KEY_UILaunchStoryboardName = LaunchScreen;
				INFOPLIST_KEY_UIMainStoryboardFile = Main;
				INFOPLIST_KEY_UISupportedInterfaceOrientations_iPad = "UIInterfaceOrientationPortrait UIInterfaceOrientationPortraitUpsideDown UIInterfaceOrientationLandscapeLeft UIInterfaceOrientationLandscapeRight";
				INFOPLIST_KEY_UISupportedInterfaceOrientations_iPhone = "UIInterfaceOrientationPortrait UIInterfaceOrientationLandscapeLeft UIInterfaceOrientationLandscapeRight";
				LD_RUNPATH_SEARCH_PATHS = (
					"$(inherited)",
					"@executable_path/Frameworks",
				);
				MARKETING_VERSION = 1.0;
				PRODUCT_BUNDLE_IDENTIFIER = santiago.MTMock;
				PRODUCT_NAME = "$(TARGET_NAME)";
				SWIFT_EMIT_LOC_STRINGS = YES;
				SWIFT_VERSION = 5.0;
				TARGETED_DEVICE_FAMILY = "1,2";
			};
			name = Release;
		};
		358191F52746C69600907112 /* Debug */ = {
			isa = XCBuildConfiguration;
			buildSettings = {
				ALWAYS_EMBED_SWIFT_STANDARD_LIBRARIES = YES;
				BUNDLE_LOADER = "$(TEST_HOST)";
				CODE_SIGN_STYLE = Automatic;
				CURRENT_PROJECT_VERSION = 1;
				GENERATE_INFOPLIST_FILE = YES;
				IPHONEOS_DEPLOYMENT_TARGET = 15.0;
				LD_RUNPATH_SEARCH_PATHS = (
					"$(inherited)",
					"@executable_path/Frameworks",
					"@loader_path/Frameworks",
				);
				MARKETING_VERSION = 1.0;
				PRODUCT_BUNDLE_IDENTIFIER = santiago.MTMockTests;
				PRODUCT_NAME = "$(TARGET_NAME)";
				SWIFT_EMIT_LOC_STRINGS = NO;
				SWIFT_VERSION = 5.0;
				TARGETED_DEVICE_FAMILY = "1,2";
				TEST_HOST = "$(BUILT_PRODUCTS_DIR)/MTMock.app/MTMock";
			};
			name = Debug;
		};
		358191F62746C69600907112 /* Release */ = {
			isa = XCBuildConfiguration;
			buildSettings = {
				ALWAYS_EMBED_SWIFT_STANDARD_LIBRARIES = YES;
				BUNDLE_LOADER = "$(TEST_HOST)";
				CODE_SIGN_STYLE = Automatic;
				CURRENT_PROJECT_VERSION = 1;
				GENERATE_INFOPLIST_FILE = YES;
				IPHONEOS_DEPLOYMENT_TARGET = 15.0;
				LD_RUNPATH_SEARCH_PATHS = (
					"$(inherited)",
					"@executable_path/Frameworks",
					"@loader_path/Frameworks",
				);
				MARKETING_VERSION = 1.0;
				PRODUCT_BUNDLE_IDENTIFIER = santiago.MTMockTests;
				PRODUCT_NAME = "$(TARGET_NAME)";
				SWIFT_EMIT_LOC_STRINGS = NO;
				SWIFT_VERSION = 5.0;
				TARGETED_DEVICE_FAMILY = "1,2";
				TEST_HOST = "$(BUILT_PRODUCTS_DIR)/MTMock.app/MTMock";
			};
			name = Release;
		};
		358191F82746C69600907112 /* Debug */ = {
			isa = XCBuildConfiguration;
			buildSettings = {
				ALWAYS_EMBED_SWIFT_STANDARD_LIBRARIES = YES;
				CODE_SIGN_STYLE = Automatic;
				CURRENT_PROJECT_VERSION = 1;
				GENERATE_INFOPLIST_FILE = YES;
				LD_RUNPATH_SEARCH_PATHS = (
					"$(inherited)",
					"@executable_path/Frameworks",
					"@loader_path/Frameworks",
				);
				MARKETING_VERSION = 1.0;
				PRODUCT_BUNDLE_IDENTIFIER = santiago.MTMockUITests;
				PRODUCT_NAME = "$(TARGET_NAME)";
				SWIFT_EMIT_LOC_STRINGS = NO;
				SWIFT_VERSION = 5.0;
				TARGETED_DEVICE_FAMILY = "1,2";
				TEST_TARGET_NAME = MTMock;
			};
			name = Debug;
		};
		358191F92746C69600907112 /* Release */ = {
			isa = XCBuildConfiguration;
			buildSettings = {
				ALWAYS_EMBED_SWIFT_STANDARD_LIBRARIES = YES;
				CODE_SIGN_STYLE = Automatic;
				CURRENT_PROJECT_VERSION = 1;
				GENERATE_INFOPLIST_FILE = YES;
				LD_RUNPATH_SEARCH_PATHS = (
					"$(inherited)",
					"@executable_path/Frameworks",
					"@loader_path/Frameworks",
				);
				MARKETING_VERSION = 1.0;
				PRODUCT_BUNDLE_IDENTIFIER = santiago.MTMockUITests;
				PRODUCT_NAME = "$(TARGET_NAME)";
				SWIFT_EMIT_LOC_STRINGS = NO;
				SWIFT_VERSION = 5.0;
				TARGETED_DEVICE_FAMILY = "1,2";
				TEST_TARGET_NAME = MTMock;
			};
			name = Release;
		};
		3581921D2747312F00907112 /* Debug */ = {
			isa = XCBuildConfiguration;
			buildSettings = {
				ASSETCATALOG_COMPILER_GLOBAL_ACCENT_COLOR_NAME = AccentColor;
				ASSETCATALOG_COMPILER_WIDGET_BACKGROUND_COLOR_NAME = WidgetBackground;
				CODE_SIGN_STYLE = Automatic;
				CURRENT_PROJECT_VERSION = 1;
				GENERATE_INFOPLIST_FILE = YES;
				INFOPLIST_FILE = MTMockWidget/Info.plist;
				INFOPLIST_KEY_CFBundleDisplayName = MTMockWidget;
				INFOPLIST_KEY_NSHumanReadableCopyright = "";
				LD_RUNPATH_SEARCH_PATHS = (
					"$(inherited)",
					"@executable_path/Frameworks",
					"@executable_path/../../Frameworks",
				);
				MARKETING_VERSION = 1.0;
				PRODUCT_BUNDLE_IDENTIFIER = santiago.MTMock.MTMockWidget;
				PRODUCT_NAME = "$(TARGET_NAME)";
				SKIP_INSTALL = YES;
				SWIFT_EMIT_LOC_STRINGS = YES;
				SWIFT_VERSION = 5.0;
				TARGETED_DEVICE_FAMILY = "1,2";
			};
			name = Debug;
		};
		3581921E2747312F00907112 /* Release */ = {
			isa = XCBuildConfiguration;
			buildSettings = {
				ASSETCATALOG_COMPILER_GLOBAL_ACCENT_COLOR_NAME = AccentColor;
				ASSETCATALOG_COMPILER_WIDGET_BACKGROUND_COLOR_NAME = WidgetBackground;
				CODE_SIGN_STYLE = Automatic;
				CURRENT_PROJECT_VERSION = 1;
				GENERATE_INFOPLIST_FILE = YES;
				INFOPLIST_FILE = MTMockWidget/Info.plist;
				INFOPLIST_KEY_CFBundleDisplayName = MTMockWidget;
				INFOPLIST_KEY_NSHumanReadableCopyright = "";
				LD_RUNPATH_SEARCH_PATHS = (
					"$(inherited)",
					"@executable_path/Frameworks",
					"@executable_path/../../Frameworks",
				);
				MARKETING_VERSION = 1.0;
				PRODUCT_BUNDLE_IDENTIFIER = santiago.MTMock.MTMockWidget;
				PRODUCT_NAME = "$(TARGET_NAME)";
				SKIP_INSTALL = YES;
				SWIFT_EMIT_LOC_STRINGS = YES;
				SWIFT_VERSION = 5.0;
				TARGETED_DEVICE_FAMILY = "1,2";
			};
			name = Release;
		};
/* End XCBuildConfiguration section */

/* Begin XCConfigurationList section */
		358191C22746C69400907112 /* Build configuration list for PBXProject "MTMock" */ = {
			isa = XCConfigurationList;
			buildConfigurations = (
				358191EF2746C69600907112 /* Debug */,
				358191F02746C69600907112 /* Release */,
			);
			defaultConfigurationIsVisible = 0;
			defaultConfigurationName = Release;
		};
		358191F12746C69600907112 /* Build configuration list for PBXNativeTarget "MTMock" */ = {
			isa = XCConfigurationList;
			buildConfigurations = (
				358191F22746C69600907112 /* Debug */,
				358191F32746C69600907112 /* Release */,
			);
			defaultConfigurationIsVisible = 0;
			defaultConfigurationName = Release;
		};
		358191F42746C69600907112 /* Build configuration list for PBXNativeTarget "MTMockTests" */ = {
			isa = XCConfigurationList;
			buildConfigurations = (
				358191F52746C69600907112 /* Debug */,
				358191F62746C69600907112 /* Release */,
			);
			defaultConfigurationIsVisible = 0;
			defaultConfigurationName = Release;
		};
		358191F72746C69600907112 /* Build configuration list for PBXNativeTarget "MTMockUITests" */ = {
			isa = XCConfigurationList;
			buildConfigurations = (
				358191F82746C69600907112 /* Debug */,
				358191F92746C69600907112 /* Release */,
			);
			defaultConfigurationIsVisible = 0;
			defaultConfigurationName = Release;
		};
		3581921C2747312F00907112 /* Build configuration list for PBXNativeTarget "MTMockWidgetExtension" */ = {
			isa = XCConfigurationList;
			buildConfigurations = (
				3581921D2747312F00907112 /* Debug */,
				3581921E2747312F00907112 /* Release */,
			);
			defaultConfigurationIsVisible = 0;
			defaultConfigurationName = Release;
		};
/* End XCConfigurationList section */
	};
	rootObject = 358191BF2746C69400907112 /* Project object */;
}
